// !$*UTF8*$!
{
	archiveVersion = 1;
	classes = {
	};
	objectVersion = 46;
	objects = {

/* Begin PBXBuildFile section */
		85EF7E6E1D21C3CD0085335B /* AppDelegate.swift in Sources */ = {isa = PBXBuildFile; fileRef = 85EF7E6D1D21C3CD0085335B /* AppDelegate.swift */; };
		85EF7E701D21C3CD0085335B /* ViewController.swift in Sources */ = {isa = PBXBuildFile; fileRef = 85EF7E6F1D21C3CD0085335B /* ViewController.swift */; };
		85EF7E731D21C3CE0085335B /* Main.storyboard in Resources */ = {isa = PBXBuildFile; fileRef = 85EF7E711D21C3CE0085335B /* Main.storyboard */; };
		85EF7E751D21C3CE0085335B /* Assets.xcassets in Resources */ = {isa = PBXBuildFile; fileRef = 85EF7E741D21C3CE0085335B /* Assets.xcassets */; };
		85EF7E781D21C3CE0085335B /* LaunchScreen.storyboard in Resources */ = {isa = PBXBuildFile; fileRef = 85EF7E761D21C3CE0085335B /* LaunchScreen.storyboard */; };
		85EF7E801D21C4A10085335B /* GitHubOAuth.swift in Sources */ = {isa = PBXBuildFile; fileRef = 85EF7E7F1D21C4A10085335B /* GitHubOAuth.swift */; };
		85EF7E821D21C5FB0085335B /* Credentials.swift in Sources */ = {isa = PBXBuildFile; fileRef = 85EF7E811D21C5FB0085335B /* Credentials.swift */; };
/* End PBXBuildFile section */

/* Begin PBXFileReference section */
		85EF7E6A1D21C3CD0085335B /* GoGoGitHub.app */ = {isa = PBXFileReference; explicitFileType = wrapper.application; includeInIndex = 0; path = GoGoGitHub.app; sourceTree = BUILT_PRODUCTS_DIR; };
		85EF7E6D1D21C3CD0085335B /* AppDelegate.swift */ = {isa = PBXFileReference; lastKnownFileType = sourcecode.swift; path = AppDelegate.swift; sourceTree = "<group>"; };
		85EF7E6F1D21C3CD0085335B /* ViewController.swift */ = {isa = PBXFileReference; lastKnownFileType = sourcecode.swift; path = ViewController.swift; sourceTree = "<group>"; };
		85EF7E721D21C3CE0085335B /* Base */ = {isa = PBXFileReference; lastKnownFileType = file.storyboard; name = Base; path = Base.lproj/Main.storyboard; sourceTree = "<group>"; };
		85EF7E741D21C3CE0085335B /* Assets.xcassets */ = {isa = PBXFileReference; lastKnownFileType = folder.assetcatalog; path = Assets.xcassets; sourceTree = "<group>"; };
		85EF7E771D21C3CE0085335B /* Base */ = {isa = PBXFileReference; lastKnownFileType = file.storyboard; name = Base; path = Base.lproj/LaunchScreen.storyboard; sourceTree = "<group>"; };
		85EF7E791D21C3CE0085335B /* Info.plist */ = {isa = PBXFileReference; lastKnownFileType = text.plist.xml; path = Info.plist; sourceTree = "<group>"; };
		85EF7E7F1D21C4A10085335B /* GitHubOAuth.swift */ = {isa = PBXFileReference; fileEncoding = 4; lastKnownFileType = sourcecode.swift; path = GitHubOAuth.swift; sourceTree = "<group>"; };
		85EF7E811D21C5FB0085335B /* Credentials.swift */ = {isa = PBXFileReference; fileEncoding = 4; lastKnownFileType = sourcecode.swift; path = Credentials.swift; sourceTree = "<group>"; };
/* End PBXFileReference section */

/* Begin PBXFrameworksBuildPhase section */
		85EF7E671D21C3CD0085335B /* Frameworks */ = {
			isa = PBXFrameworksBuildPhase;
			buildActionMask = 2147483647;
			files = (
			);
			runOnlyForDeploymentPostprocessing = 0;
		};
/* End PBXFrameworksBuildPhase section */

/* Begin PBXGroup section */
		85EF7E611D21C3CD0085335B = {
			isa = PBXGroup;
			children = (
				85EF7E6C1D21C3CD0085335B /* GoGoGitHub */,
				85EF7E6B1D21C3CD0085335B /* Products */,
			);
			sourceTree = "<group>";
		};
		85EF7E6B1D21C3CD0085335B /* Products */ = {
			isa = PBXGroup;
			children = (
				85EF7E6A1D21C3CD0085335B /* GoGoGitHub.app */,
			);
			name = Products;
			sourceTree = "<group>";
		};
		85EF7E6C1D21C3CD0085335B /* GoGoGitHub */ = {
			isa = PBXGroup;
			children = (
				85EF7E6D1D21C3CD0085335B /* AppDelegate.swift */,
				85EF7E6F1D21C3CD0085335B /* ViewController.swift */,
				85EF7E711D21C3CE0085335B /* Main.storyboard */,
				85EF7E741D21C3CE0085335B /* Assets.xcassets */,
				85EF7E761D21C3CE0085335B /* LaunchScreen.storyboard */,
				85EF7E791D21C3CE0085335B /* Info.plist */,
				85EF7E7F1D21C4A10085335B /* GitHubOAuth.swift */,
				85EF7E811D21C5FB0085335B /* Credentials.swift */,
			);
			path = GoGoGitHub;
			sourceTree = "<group>";
		};
/* End PBXGroup section */

/* Begin PBXNativeTarget section */
		85EF7E691D21C3CD0085335B /* GoGoGitHub */ = {
			isa = PBXNativeTarget;
			buildConfigurationList = 85EF7E7C1D21C3CE0085335B /* Build configuration list for PBXNativeTarget "GoGoGitHub" */;
			buildPhases = (
				85EF7E661D21C3CD0085335B /* Sources */,
				85EF7E671D21C3CD0085335B /* Frameworks */,
				85EF7E681D21C3CD0085335B /* Resources */,
			);
			buildRules = (
			);
			dependencies = (
			);
			name = GoGoGitHub;
			productName = GoGoGitHub;
			productReference = 85EF7E6A1D21C3CD0085335B /* GoGoGitHub.app */;
			productType = "com.apple.product-type.application";
		};
/* End PBXNativeTarget section */

/* Begin PBXProject section */
		85EF7E621D21C3CD0085335B /* Project object */ = {
			isa = PBXProject;
			attributes = {
				LastSwiftUpdateCheck = 0730;
				LastUpgradeCheck = 0730;
				ORGANIZATIONNAME = "David Swaintek";
				TargetAttributes = {
					85EF7E691D21C3CD0085335B = {
						CreatedOnToolsVersion = 7.3.1;
					};
				};
			};
			buildConfigurationList = 85EF7E651D21C3CD0085335B /* Build configuration list for PBXProject "GoGoGitHub" */;
			compatibilityVersion = "Xcode 3.2";
			developmentRegion = English;
			hasScannedForEncodings = 0;
			knownRegions = (
				en,
				Base,
			);
			mainGroup = 85EF7E611D21C3CD0085335B;
			productRefGroup = 85EF7E6B1D21C3CD0085335B /* Products */;
			projectDirPath = "";
			projectRoot = "";
			targets = (
				85EF7E691D21C3CD0085335B /* GoGoGitHub */,
			);
		};
/* End PBXProject section */

/* Begin PBXResourcesBuildPhase section */
		85EF7E681D21C3CD0085335B /* Resources */ = {
			isa = PBXResourcesBuildPhase;
			buildActionMask = 2147483647;
			files = (
				85EF7E781D21C3CE0085335B /* LaunchScreen.storyboard in Resources */,
				85EF7E751D21C3CE0085335B /* Assets.xcassets in Resources */,
				85EF7E731D21C3CE0085335B /* Main.storyboard in Resources */,
			);
			runOnlyForDeploymentPostprocessing = 0;
		};
/* End PBXResourcesBuildPhase section */

/* Begin PBXSourcesBuildPhase section */
		85EF7E661D21C3CD0085335B /* Sources */ = {
			isa = PBXSourcesBuildPhase;
			buildActionMask = 2147483647;
			files = (
				85EF7E801D21C4A10085335B /* GitHubOAuth.swift in Sources */,
				85EF7E701D21C3CD0085335B /* ViewController.swift in Sources */,
				85EF7E821D21C5FB0085335B /* Credentials.swift in Sources */,
				85EF7E6E1D21C3CD0085335B /* AppDelegate.swift in Sources */,
			);
			runOnlyForDeploymentPostprocessing = 0;
		};
/* End PBXSourcesBuildPhase section */

/* Begin PBXVariantGroup section */
		85EF7E711D21C3CE0085335B /* Main.storyboard */ = {
			isa = PBXVariantGroup;
			children = (
				85EF7E721D21C3CE0085335B /* Base */,
			);
			name = Main.storyboard;
			sourceTree = "<group>";
		};
		85EF7E761D21C3CE0085335B /* LaunchScreen.storyboard */ = {
			isa = PBXVariantGroup;
			children = (
				85EF7E771D21C3CE0085335B /* Base */,
			);
			name = LaunchScreen.storyboard;
			sourceTree = "<group>";
		};
/* End PBXVariantGroup section */

/* Begin XCBuildConfiguration section */
		85EF7E7A1D21C3CE0085335B /* Debug */ = {
			isa = XCBuildConfiguration;
			buildSettings = {
				ALWAYS_SEARCH_USER_PATHS = NO;
				CLANG_ANALYZER_NONNULL = YES;
				CLANG_CXX_LANGUAGE_STANDARD = "gnu++0x";
				CLANG_CXX_LIBRARY = "libc++";
				CLANG_ENABLE_MODULES = YES;
				CLANG_ENABLE_OBJC_ARC = YES;
				CLANG_WARN_BOOL_CONVERSION = YES;
				CLANG_WARN_CONSTANT_CONVERSION = YES;
				CLANG_WARN_DIRECT_OBJC_ISA_USAGE = YES_ERROR;
				CLANG_WARN_EMPTY_BODY = YES;
				CLANG_WARN_ENUM_CONVERSION = YES;
				CLANG_WARN_INT_CONVERSION = YES;
				CLANG_WARN_OBJC_ROOT_CLASS = YES_ERROR;
				CLANG_WARN_UNREACHABLE_CODE = YES;
				CLANG_WARN__DUPLICATE_METHOD_MATCH = YES;
				"CODE_SIGN_IDENTITY[sdk=iphoneos*]" = "iPhone Developer";
				COPY_PHASE_STRIP = NO;
				DEBUG_INFORMATION_FORMAT = dwarf;
				ENABLE_STRICT_OBJC_MSGSEND = YES;
				ENABLE_TESTABILITY = YES;
				GCC_C_LANGUAGE_STANDARD = gnu99;
				GCC_DYNAMIC_NO_PIC = NO;
				GCC_NO_COMMON_BLOCKS = YES;
				GCC_OPTIMIZATION_LEVEL = 0;
				GCC_PREPROCESSOR_DEFINITIONS = (
					"DEBUG=1",
					"$(inherited)",
				);
				GCC_WARN_64_TO_32_BIT_CONVERSION = YES;
				GCC_WARN_ABOUT_RETURN_TYPE = YES_ERROR;
				GCC_WARN_UNDECLARED_SELECTOR = YES;
				GCC_WARN_UNINITIALIZED_AUTOS = YES_AGGRESSIVE;
				GCC_WARN_UNUSED_FUNCTION = YES;
				GCC_WARN_UNUSED_VARIABLE = YES;
				IPHONEOS_DEPLOYMENT_TARGET = 9.3;
				MTL_ENABLE_DEBUG_INFO = YES;
				ONLY_ACTIVE_ARCH = YES;
				SDKROOT = iphoneos;
				SWIFT_OPTIMIZATION_LEVEL = "-Onone";
				TARGETED_DEVICE_FAMILY = "1,2";
			};
			name = Debug;
		};
		85EF7E7B1D21C3CE0085335B /* Release */ = {
			isa = XCBuildConfiguration;
			buildSettings = {
				ALWAYS_SEARCH_USER_PATHS = NO;
				CLANG_ANALYZER_NONNULL = YES;
				CLANG_CXX_LANGUAGE_STANDARD = "gnu++0x";
				CLANG_CXX_LIBRARY = "libc++";
				CLANG_ENABLE_MODULES = YES;
				CLANG_ENABLE_OBJC_ARC = YES;
				CLANG_WARN_BOOL_CONVERSION = YES;
				CLANG_WARN_CONSTANT_CONVERSION = YES;
				CLANG_WARN_DIRECT_OBJC_ISA_USAGE = YES_ERROR;
				CLANG_WARN_EMPTY_BODY = YES;
				CLANG_WARN_ENUM_CONVERSION = YES;
				CLANG_WARN_INT_CONVERSION = YES;
				CLANG_WARN_OBJC_ROOT_CLASS = YES_ERROR;
				CLANG_WARN_UNREACHABLE_CODE = YES;
				CLANG_WARN__DUPLICATE_METHOD_MATCH = YES;
				"CODE_SIGN_IDENTITY[sdk=iphoneos*]" = "iPhone Developer";
				COPY_PHASE_STRIP = NO;
				DEBUG_INFORMATION_FORMAT = "dwarf-with-dsym";
				ENABLE_NS_ASSERTIONS = NO;
				ENABLE_STRICT_OBJC_MSGSEND = YES;
				GCC_C_LANGUAGE_STANDARD = gnu99;
				GCC_NO_COMMON_BLOCKS = YES;
				GCC_WARN_64_TO_32_BIT_CONVERSION = YES;
				GCC_WARN_ABOUT_RETURN_TYPE = YES_ERROR;
				GCC_WARN_UNDECLARED_SELECTOR = YES;
				GCC_WARN_UNINITIALIZED_AUTOS = YES_AGGRESSIVE;
				GCC_WARN_UNUSED_FUNCTION = YES;
				GCC_WARN_UNUSED_VARIABLE = YES;
				IPHONEOS_DEPLOYMENT_TARGET = 9.3;
				MTL_ENABLE_DEBUG_INFO = NO;
				SDKROOT = iphoneos;
				TARGETED_DEVICE_FAMILY = "1,2";
				VALIDATE_PRODUCT = YES;
			};
			name = Release;
		};
		85EF7E7D1D21C3CE0085335B /* Debug */ = {
			isa = XCBuildConfiguration;
			buildSettings = {
				ASSETCATALOG_COMPILER_APPICON_NAME = AppIcon;
				INFOPLIST_FILE = GoGoGitHub/Info.plist;
				LD_RUNPATH_SEARCH_PATHS = "$(inherited) @executable_path/Frameworks";
				PRODUCT_BUNDLE_IDENTIFIER = spaceoutlaw.GoGoGitHub;
				PRODUCT_NAME = "$(TARGET_NAME)";
			};
			name = Debug;
		};
		85EF7E7E1D21C3CE0085335B /* Release */ = {
			isa = XCBuildConfiguration;
			buildSettings = {
				ASSETCATALOG_COMPILER_APPICON_NAME = AppIcon;
				INFOPLIST_FILE = GoGoGitHub/Info.plist;
				LD_RUNPATH_SEARCH_PATHS = "$(inherited) @executable_path/Frameworks";
				PRODUCT_BUNDLE_IDENTIFIER = spaceoutlaw.GoGoGitHub;
				PRODUCT_NAME = "$(TARGET_NAME)";
			};
			name = Release;
		};
/* End XCBuildConfiguration section */

/* Begin XCConfigurationList section */
		85EF7E651D21C3CD0085335B /* Build configuration list for PBXProject "GoGoGitHub" */ = {
			isa = XCConfigurationList;
			buildConfigurations = (
				85EF7E7A1D21C3CE0085335B /* Debug */,
				85EF7E7B1D21C3CE0085335B /* Release */,
			);
			defaultConfigurationIsVisible = 0;
			defaultConfigurationName = Release;
		};
		85EF7E7C1D21C3CE0085335B /* Build configuration list for PBXNativeTarget "GoGoGitHub" */ = {
			isa = XCConfigurationList;
			buildConfigurations = (
				85EF7E7D1D21C3CE0085335B /* Debug */,
				85EF7E7E1D21C3CE0085335B /* Release */,
			);
			defaultConfigurationIsVisible = 0;
		};
/* End XCConfigurationList section */
	};
	rootObject = 85EF7E621D21C3CD0085335B /* Project object */;
}
